{
  "name": "mullvadvpn-notifier",
  "version": "1.0.0",
  "lockfileVersion": 1,
  "requires": true,
  "dependencies": {
    "node-notifyy": {
      "version": "3.1.0",
      "resolved": "https://registry.npmjs.org/node-notifyy/-/node-notifyy-3.1.0.tgz",
      "integrity": "sha512-fYirA+riUfk29c/1lbTrS3XMkaNGK5p7FnqiBVCQkmiLe9iKNHeeuQElMyrOjaBrGIqn6se6y7qlBXnQIracWQ=="
    }
  }
}
